// !$*UTF8*$!
{
	archiveVersion = 1;
	classes = {
	};
	objectVersion = 55;
	objects = {

/* Begin PBXBuildFile section */
		D96BEC692870CADB002F389E /* AppDelegate.swift in Sources */ = {isa = PBXBuildFile; fileRef = D96BEC682870CADB002F389E /* AppDelegate.swift */; };
		D96BEC6B2870CADB002F389E /* ViewController.swift in Sources */ = {isa = PBXBuildFile; fileRef = D96BEC6A2870CADB002F389E /* ViewController.swift */; };
		D96BEC6D2870CADB002F389E /* Experience.rcproject in Sources */ = {isa = PBXBuildFile; fileRef = D96BEC6C2870CADB002F389E /* Experience.rcproject */; };
		D96BEC702870CADB002F389E /* Main.storyboard in Resources */ = {isa = PBXBuildFile; fileRef = D96BEC6E2870CADB002F389E /* Main.storyboard */; };
		D96BEC722870CADD002F389E /* Assets.xcassets in Resources */ = {isa = PBXBuildFile; fileRef = D96BEC712870CADD002F389E /* Assets.xcassets */; };
		D96BEC752870CADD002F389E /* LaunchScreen.storyboard in Resources */ = {isa = PBXBuildFile; fileRef = D96BEC732870CADD002F389E /* LaunchScreen.storyboard */; };
		D96BEC7F2870CADD002F389E /* SoccerGameTests.swift in Sources */ = {isa = PBXBuildFile; fileRef = D96BEC7E2870CADD002F389E /* SoccerGameTests.swift */; };
		D96BEC892870CADD002F389E /* SoccerGameUITests.swift in Sources */ = {isa = PBXBuildFile; fileRef = D96BEC882870CADD002F389E /* SoccerGameUITests.swift */; };
		D96BEC8B2870CADD002F389E /* SoccerGameUITestsLaunchTests.swift in Sources */ = {isa = PBXBuildFile; fileRef = D96BEC8A2870CADD002F389E /* SoccerGameUITestsLaunchTests.swift */; };
/* End PBXBuildFile section */

/* Begin PBXContainerItemProxy section */
		D96BEC7B2870CADD002F389E /* PBXContainerItemProxy */ = {
			isa = PBXContainerItemProxy;
			containerPortal = D96BEC5D2870CADB002F389E /* Project object */;
			proxyType = 1;
			remoteGlobalIDString = D96BEC642870CADB002F389E;
			remoteInfo = SoccerGame;
		};
		D96BEC852870CADD002F389E /* PBXContainerItemProxy */ = {
			isa = PBXContainerItemProxy;
			containerPortal = D96BEC5D2870CADB002F389E /* Project object */;
			proxyType = 1;
			remoteGlobalIDString = D96BEC642870CADB002F389E;
			remoteInfo = SoccerGame;
		};
/* End PBXContainerItemProxy section */

/* Begin PBXFileReference section */
		D96BEC652870CADB002F389E /* SoccerGame.app */ = {isa = PBXFileReference; explicitFileType = wrapper.application; includeInIndex = 0; path = SoccerGame.app; sourceTree = BUILT_PRODUCTS_DIR; };
		D96BEC682870CADB002F389E /* AppDelegate.swift */ = {isa = PBXFileReference; lastKnownFileType = sourcecode.swift; path = AppDelegate.swift; sourceTree = "<group>"; };
		D96BEC6A2870CADB002F389E /* ViewController.swift */ = {isa = PBXFileReference; lastKnownFileType = sourcecode.swift; path = ViewController.swift; sourceTree = "<group>"; };
		D96BEC6C2870CADB002F389E /* Experience.rcproject */ = {isa = PBXFileReference; lastKnownFileType = file.rcproject; path = Experience.rcproject; sourceTree = "<group>"; };
		D96BEC6F2870CADB002F389E /* Base */ = {isa = PBXFileReference; lastKnownFileType = file.storyboard; name = Base; path = Base.lproj/Main.storyboard; sourceTree = "<group>"; };
		D96BEC712870CADD002F389E /* Assets.xcassets */ = {isa = PBXFileReference; lastKnownFileType = folder.assetcatalog; path = Assets.xcassets; sourceTree = "<group>"; };
		D96BEC742870CADD002F389E /* Base */ = {isa = PBXFileReference; lastKnownFileType = file.storyboard; name = Base; path = Base.lproj/LaunchScreen.storyboard; sourceTree = "<group>"; };
		D96BEC7A2870CADD002F389E /* SoccerGameTests.xctest */ = {isa = PBXFileReference; explicitFileType = wrapper.cfbundle; includeInIndex = 0; path = SoccerGameTests.xctest; sourceTree = BUILT_PRODUCTS_DIR; };
		D96BEC7E2870CADD002F389E /* SoccerGameTests.swift */ = {isa = PBXFileReference; lastKnownFileType = sourcecode.swift; path = SoccerGameTests.swift; sourceTree = "<group>"; };
		D96BEC842870CADD002F389E /* SoccerGameUITests.xctest */ = {isa = PBXFileReference; explicitFileType = wrapper.cfbundle; includeInIndex = 0; path = SoccerGameUITests.xctest; sourceTree = BUILT_PRODUCTS_DIR; };
		D96BEC882870CADD002F389E /* SoccerGameUITests.swift */ = {isa = PBXFileReference; lastKnownFileType = sourcecode.swift; path = SoccerGameUITests.swift; sourceTree = "<group>"; };
		D96BEC8A2870CADD002F389E /* SoccerGameUITestsLaunchTests.swift */ = {isa = PBXFileReference; lastKnownFileType = sourcecode.swift; path = SoccerGameUITestsLaunchTests.swift; sourceTree = "<group>"; };
/* End PBXFileReference section */

/* Begin PBXFrameworksBuildPhase section */
		D96BEC622870CADB002F389E /* Frameworks */ = {
			isa = PBXFrameworksBuildPhase;
			buildActionMask = 2147483647;
			files = (
			);
			runOnlyForDeploymentPostprocessing = 0;
		};
		D96BEC772870CADD002F389E /* Frameworks */ = {
			isa = PBXFrameworksBuildPhase;
			buildActionMask = 2147483647;
			files = (
			);
			runOnlyForDeploymentPostprocessing = 0;
		};
		D96BEC812870CADD002F389E /* Frameworks */ = {
			isa = PBXFrameworksBuildPhase;
			buildActionMask = 2147483647;
			files = (
			);
			runOnlyForDeploymentPostprocessing = 0;
		};
/* End PBXFrameworksBuildPhase section */

/* Begin PBXGroup section */
		D96BEC5C2870CADB002F389E = {
			isa = PBXGroup;
			children = (
				D96BEC672870CADB002F389E /* SoccerGame */,
				D96BEC7D2870CADD002F389E /* SoccerGameTests */,
				D96BEC872870CADD002F389E /* SoccerGameUITests */,
				D96BEC662870CADB002F389E /* Products */,
			);
			sourceTree = "<group>";
		};
		D96BEC662870CADB002F389E /* Products */ = {
			isa = PBXGroup;
			children = (
				D96BEC652870CADB002F389E /* SoccerGame.app */,
				D96BEC7A2870CADD002F389E /* SoccerGameTests.xctest */,
				D96BEC842870CADD002F389E /* SoccerGameUITests.xctest */,
			);
			name = Products;
			sourceTree = "<group>";
		};
		D96BEC672870CADB002F389E /* SoccerGame */ = {
			isa = PBXGroup;
			children = (
				D96BEC682870CADB002F389E /* AppDelegate.swift */,
				D96BEC6A2870CADB002F389E /* ViewController.swift */,
				D96BEC6C2870CADB002F389E /* Experience.rcproject */,
				D96BEC6E2870CADB002F389E /* Main.storyboard */,
				D96BEC712870CADD002F389E /* Assets.xcassets */,
				D96BEC732870CADD002F389E /* LaunchScreen.storyboard */,
			);
			path = SoccerGame;
			sourceTree = "<group>";
		};
		D96BEC7D2870CADD002F389E /* SoccerGameTests */ = {
			isa = PBXGroup;
			children = (
				D96BEC7E2870CADD002F389E /* SoccerGameTests.swift */,
			);
			path = SoccerGameTests;
			sourceTree = "<group>";
		};
		D96BEC872870CADD002F389E /* SoccerGameUITests */ = {
			isa = PBXGroup;
			children = (
				D96BEC882870CADD002F389E /* SoccerGameUITests.swift */,
				D96BEC8A2870CADD002F389E /* SoccerGameUITestsLaunchTests.swift */,
			);
			path = SoccerGameUITests;
			sourceTree = "<group>";
		};
/* End PBXGroup section */

/* Begin PBXNativeTarget section */
		D96BEC642870CADB002F389E /* SoccerGame */ = {
			isa = PBXNativeTarget;
			buildConfigurationList = D96BEC8E2870CADD002F389E /* Build configuration list for PBXNativeTarget "SoccerGame" */;
			buildPhases = (
				D96BEC612870CADB002F389E /* Sources */,
				D96BEC622870CADB002F389E /* Frameworks */,
				D96BEC632870CADB002F389E /* Resources */,
			);
			buildRules = (
			);
			dependencies = (
			);
			name = SoccerGame;
			productName = SoccerGame;
			productReference = D96BEC652870CADB002F389E /* SoccerGame.app */;
			productType = "com.apple.product-type.application";
		};
		D96BEC792870CADD002F389E /* SoccerGameTests */ = {
			isa = PBXNativeTarget;
			buildConfigurationList = D96BEC912870CADD002F389E /* Build configuration list for PBXNativeTarget "SoccerGameTests" */;
			buildPhases = (
				D96BEC762870CADD002F389E /* Sources */,
				D96BEC772870CADD002F389E /* Frameworks */,
				D96BEC782870CADD002F389E /* Resources */,
			);
			buildRules = (
			);
			dependencies = (
				D96BEC7C2870CADD002F389E /* PBXTargetDependency */,
			);
			name = SoccerGameTests;
			productName = SoccerGameTests;
			productReference = D96BEC7A2870CADD002F389E /* SoccerGameTests.xctest */;
			productType = "com.apple.product-type.bundle.unit-test";
		};
		D96BEC832870CADD002F389E /* SoccerGameUITests */ = {
			isa = PBXNativeTarget;
			buildConfigurationList = D96BEC942870CADD002F389E /* Build configuration list for PBXNativeTarget "SoccerGameUITests" */;
			buildPhases = (
				D96BEC802870CADD002F389E /* Sources */,
				D96BEC812870CADD002F389E /* Frameworks */,
				D96BEC822870CADD002F389E /* Resources */,
			);
			buildRules = (
			);
			dependencies = (
				D96BEC862870CADD002F389E /* PBXTargetDependency */,
			);
			name = SoccerGameUITests;
			productName = SoccerGameUITests;
			productReference = D96BEC842870CADD002F389E /* SoccerGameUITests.xctest */;
			productType = "com.apple.product-type.bundle.ui-testing";
		};
/* End PBXNativeTarget section */

/* Begin PBXProject section */
		D96BEC5D2870CADB002F389E /* Project object */ = {
			isa = PBXProject;
			attributes = {
				BuildIndependentTargetsInParallel = 1;
				LastSwiftUpdateCheck = 1340;
				LastUpgradeCheck = 1340;
				TargetAttributes = {
					D96BEC642870CADB002F389E = {
						CreatedOnToolsVersion = 13.4.1;
					};
					D96BEC792870CADD002F389E = {
						CreatedOnToolsVersion = 13.4.1;
						TestTargetID = D96BEC642870CADB002F389E;
					};
					D96BEC832870CADD002F389E = {
						CreatedOnToolsVersion = 13.4.1;
						TestTargetID = D96BEC642870CADB002F389E;
					};
				};
			};
			buildConfigurationList = D96BEC602870CADB002F389E /* Build configuration list for PBXProject "SoccerGame" */;
			compatibilityVersion = "Xcode 13.0";
			developmentRegion = en;
			hasScannedForEncodings = 0;
			knownRegions = (
				en,
				Base,
			);
			mainGroup = D96BEC5C2870CADB002F389E;
			productRefGroup = D96BEC662870CADB002F389E /* Products */;
			projectDirPath = "";
			projectRoot = "";
			targets = (
				D96BEC642870CADB002F389E /* SoccerGame */,
				D96BEC792870CADD002F389E /* SoccerGameTests */,
				D96BEC832870CADD002F389E /* SoccerGameUITests */,
			);
		};
/* End PBXProject section */

/* Begin PBXResourcesBuildPhase section */
		D96BEC632870CADB002F389E /* Resources */ = {
			isa = PBXResourcesBuildPhase;
			buildActionMask = 2147483647;
			files = (
				D96BEC752870CADD002F389E /* LaunchScreen.storyboard in Resources */,
				D96BEC722870CADD002F389E /* Assets.xcassets in Resources */,
				D96BEC702870CADB002F389E /* Main.storyboard in Resources */,
			);
			runOnlyForDeploymentPostprocessing = 0;
		};
		D96BEC782870CADD002F389E /* Resources */ = {
			isa = PBXResourcesBuildPhase;
			buildActionMask = 2147483647;
			files = (
			);
			runOnlyForDeploymentPostprocessing = 0;
		};
		D96BEC822870CADD002F389E /* Resources */ = {
			isa = PBXResourcesBuildPhase;
			buildActionMask = 2147483647;
			files = (
			);
			runOnlyForDeploymentPostprocessing = 0;
		};
/* End PBXResourcesBuildPhase section */

/* Begin PBXSourcesBuildPhase section */
		D96BEC612870CADB002F389E /* Sources */ = {
			isa = PBXSourcesBuildPhase;
			buildActionMask = 2147483647;
			files = (
				D96BEC6B2870CADB002F389E /* ViewController.swift in Sources */,
				D96BEC692870CADB002F389E /* AppDelegate.swift in Sources */,
				D96BEC6D2870CADB002F389E /* Experience.rcproject in Sources */,
			);
			runOnlyForDeploymentPostprocessing = 0;
		};
		D96BEC762870CADD002F389E /* Sources */ = {
			isa = PBXSourcesBuildPhase;
			buildActionMask = 2147483647;
			files = (
				D96BEC7F2870CADD002F389E /* SoccerGameTests.swift in Sources */,
			);
			runOnlyForDeploymentPostprocessing = 0;
		};
		D96BEC802870CADD002F389E /* Sources */ = {
			isa = PBXSourcesBuildPhase;
			buildActionMask = 2147483647;
			files = (
				D96BEC892870CADD002F389E /* SoccerGameUITests.swift in Sources */,
				D96BEC8B2870CADD002F389E /* SoccerGameUITestsLaunchTests.swift in Sources */,
			);
			runOnlyForDeploymentPostprocessing = 0;
		};
/* End PBXSourcesBuildPhase section */

/* Begin PBXTargetDependency section */
		D96BEC7C2870CADD002F389E /* PBXTargetDependency */ = {
			isa = PBXTargetDependency;
			target = D96BEC642870CADB002F389E /* SoccerGame */;
			targetProxy = D96BEC7B2870CADD002F389E /* PBXContainerItemProxy */;
		};
		D96BEC862870CADD002F389E /* PBXTargetDependency */ = {
			isa = PBXTargetDependency;
			target = D96BEC642870CADB002F389E /* SoccerGame */;
			targetProxy = D96BEC852870CADD002F389E /* PBXContainerItemProxy */;
		};
/* End PBXTargetDependency section */

/* Begin PBXVariantGroup section */
		D96BEC6E2870CADB002F389E /* Main.storyboard */ = {
			isa = PBXVariantGroup;
			children = (
				D96BEC6F2870CADB002F389E /* Base */,
			);
			name = Main.storyboard;
			sourceTree = "<group>";
		};
		D96BEC732870CADD002F389E /* LaunchScreen.storyboard */ = {
			isa = PBXVariantGroup;
			children = (
				D96BEC742870CADD002F389E /* Base */,
			);
			name = LaunchScreen.storyboard;
			sourceTree = "<group>";
		};
/* End PBXVariantGroup section */

/* Begin XCBuildConfiguration section */
		D96BEC8C2870CADD002F389E /* Debug */ = {
			isa = XCBuildConfiguration;
			buildSettings = {
				ALWAYS_SEARCH_USER_PATHS = NO;
				CLANG_ANALYZER_NONNULL = YES;
				CLANG_ANALYZER_NUMBER_OBJECT_CONVERSION = YES_AGGRESSIVE;
				CLANG_CXX_LANGUAGE_STANDARD = "gnu++17";
				CLANG_ENABLE_MODULES = YES;
				CLANG_ENABLE_OBJC_ARC = YES;
				CLANG_ENABLE_OBJC_WEAK = YES;
				CLANG_WARN_BLOCK_CAPTURE_AUTORELEASING = YES;
				CLANG_WARN_BOOL_CONVERSION = YES;
				CLANG_WARN_COMMA = YES;
				CLANG_WARN_CONSTANT_CONVERSION = YES;
				CLANG_WARN_DEPRECATED_OBJC_IMPLEMENTATIONS = YES;
				CLANG_WARN_DIRECT_OBJC_ISA_USAGE = YES_ERROR;
				CLANG_WARN_DOCUMENTATION_COMMENTS = YES;
				CLANG_WARN_EMPTY_BODY = YES;
				CLANG_WARN_ENUM_CONVERSION = YES;
				CLANG_WARN_INFINITE_RECURSION = YES;
				CLANG_WARN_INT_CONVERSION = YES;
				CLANG_WARN_NON_LITERAL_NULL_CONVERSION = YES;
				CLANG_WARN_OBJC_IMPLICIT_RETAIN_SELF = YES;
				CLANG_WARN_OBJC_LITERAL_CONVERSION = YES;
				CLANG_WARN_OBJC_ROOT_CLASS = YES_ERROR;
				CLANG_WARN_QUOTED_INCLUDE_IN_FRAMEWORK_HEADER = YES;
				CLANG_WARN_RANGE_LOOP_ANALYSIS = YES;
				CLANG_WARN_STRICT_PROTOTYPES = YES;
				CLANG_WARN_SUSPICIOUS_MOVE = YES;
				CLANG_WARN_UNGUARDED_AVAILABILITY = YES_AGGRESSIVE;
				CLANG_WARN_UNREACHABLE_CODE = YES;
				CLANG_WARN__DUPLICATE_METHOD_MATCH = YES;
				COPY_PHASE_STRIP = NO;
				DEBUG_INFORMATION_FORMAT = dwarf;
				ENABLE_STRICT_OBJC_MSGSEND = YES;
				ENABLE_TESTABILITY = YES;
				GCC_C_LANGUAGE_STANDARD = gnu11;
				GCC_DYNAMIC_NO_PIC = NO;
				GCC_NO_COMMON_BLOCKS = YES;
				GCC_OPTIMIZATION_LEVEL = 0;
				GCC_PREPROCESSOR_DEFINITIONS = (
					"DEBUG=1",
					"$(inherited)",
				);
				GCC_WARN_64_TO_32_BIT_CONVERSION = YES;
				GCC_WARN_ABOUT_RETURN_TYPE = YES_ERROR;
				GCC_WARN_UNDECLARED_SELECTOR = YES;
				GCC_WARN_UNINITIALIZED_AUTOS = YES_AGGRESSIVE;
				GCC_WARN_UNUSED_FUNCTION = YES;
				GCC_WARN_UNUSED_VARIABLE = YES;
				IPHONEOS_DEPLOYMENT_TARGET = 15.5;
				MTL_ENABLE_DEBUG_INFO = INCLUDE_SOURCE;
				MTL_FAST_MATH = YES;
				ONLY_ACTIVE_ARCH = YES;
				SDKROOT = iphoneos;
				SWIFT_ACTIVE_COMPILATION_CONDITIONS = DEBUG;
				SWIFT_OPTIMIZATION_LEVEL = "-Onone";
			};
			name = Debug;
		};
		D96BEC8D2870CADD002F389E /* Release */ = {
			isa = XCBuildConfiguration;
			buildSettings = {
				ALWAYS_SEARCH_USER_PATHS = NO;
				CLANG_ANALYZER_NONNULL = YES;
				CLANG_ANALYZER_NUMBER_OBJECT_CONVERSION = YES_AGGRESSIVE;
				CLANG_CXX_LANGUAGE_STANDARD = "gnu++17";
				CLANG_ENABLE_MODULES = YES;
				CLANG_ENABLE_OBJC_ARC = YES;
				CLANG_ENABLE_OBJC_WEAK = YES;
				CLANG_WARN_BLOCK_CAPTURE_AUTORELEASING = YES;
				CLANG_WARN_BOOL_CONVERSION = YES;
				CLANG_WARN_COMMA = YES;
				CLANG_WARN_CONSTANT_CONVERSION = YES;
				CLANG_WARN_DEPRECATED_OBJC_IMPLEMENTATIONS = YES;
				CLANG_WARN_DIRECT_OBJC_ISA_USAGE = YES_ERROR;
				CLANG_WARN_DOCUMENTATION_COMMENTS = YES;
				CLANG_WARN_EMPTY_BODY = YES;
				CLANG_WARN_ENUM_CONVERSION = YES;
				CLANG_WARN_INFINITE_RECURSION = YES;
				CLANG_WARN_INT_CONVERSION = YES;
				CLANG_WARN_NON_LITERAL_NULL_CONVERSION = YES;
				CLANG_WARN_OBJC_IMPLICIT_RETAIN_SELF = YES;
				CLANG_WARN_OBJC_LITERAL_CONVERSION = YES;
				CLANG_WARN_OBJC_ROOT_CLASS = YES_ERROR;
				CLANG_WARN_QUOTED_INCLUDE_IN_FRAMEWORK_HEADER = YES;
				CLANG_WARN_RANGE_LOOP_ANALYSIS = YES;
				CLANG_WARN_STRICT_PROTOTYPES = YES;
				CLANG_WARN_SUSPICIOUS_MOVE = YES;
				CLANG_WARN_UNGUARDED_AVAILABILITY = YES_AGGRESSIVE;
				CLANG_WARN_UNREACHABLE_CODE = YES;
				CLANG_WARN__DUPLICATE_METHOD_MATCH = YES;
				COPY_PHASE_STRIP = NO;
				DEBUG_INFORMATION_FORMAT = "dwarf-with-dsym";
				ENABLE_NS_ASSERTIONS = NO;
				ENABLE_STRICT_OBJC_MSGSEND = YES;
				GCC_C_LANGUAGE_STANDARD = gnu11;
				GCC_NO_COMMON_BLOCKS = YES;
				GCC_WARN_64_TO_32_BIT_CONVERSION = YES;
				GCC_WARN_ABOUT_RETURN_TYPE = YES_ERROR;
				GCC_WARN_UNDECLARED_SELECTOR = YES;
				GCC_WARN_UNINITIALIZED_AUTOS = YES_AGGRESSIVE;
				GCC_WARN_UNUSED_FUNCTION = YES;
				GCC_WARN_UNUSED_VARIABLE = YES;
				IPHONEOS_DEPLOYMENT_TARGET = 15.5;
				MTL_ENABLE_DEBUG_INFO = NO;
				MTL_FAST_MATH = YES;
				SDKROOT = iphoneos;
				SWIFT_COMPILATION_MODE = wholemodule;
				SWIFT_OPTIMIZATION_LEVEL = "-O";
				VALIDATE_PRODUCT = YES;
			};
			name = Release;
		};
		D96BEC8F2870CADD002F389E /* Debug */ = {
			isa = XCBuildConfiguration;
			buildSettings = {
				ASSETCATALOG_COMPILER_APPICON_NAME = AppIcon;
				ASSETCATALOG_COMPILER_GLOBAL_ACCENT_COLOR_NAME = AccentColor;
				CODE_SIGN_STYLE = Automatic;
				CURRENT_PROJECT_VERSION = 1;
				DEVELOPMENT_TEAM = N9WA8A7MRP;
				GENERATE_INFOPLIST_FILE = YES;
				INFOPLIST_KEY_NSCameraUsageDescription = "";
				INFOPLIST_KEY_UIApplicationSupportsIndirectInputEvents = YES;
				INFOPLIST_KEY_UILaunchStoryboardName = LaunchScreen;
				INFOPLIST_KEY_UIMainStoryboardFile = Main;
				INFOPLIST_KEY_UIRequiredDeviceCapabilities = arkit;
				INFOPLIST_KEY_UIStatusBarHidden = YES;
				INFOPLIST_KEY_UISupportedInterfaceOrientations_iPad = "UIInterfaceOrientationPortrait UIInterfaceOrientationPortraitUpsideDown UIInterfaceOrientationLandscapeLeft UIInterfaceOrientationLandscapeRight";
				INFOPLIST_KEY_UISupportedInterfaceOrientations_iPhone = "UIInterfaceOrientationPortrait UIInterfaceOrientationLandscapeLeft UIInterfaceOrientationLandscapeRight";
				LD_RUNPATH_SEARCH_PATHS = (
					"$(inherited)",
					"@executable_path/Frameworks",
				);
				MARKETING_VERSION = 1.0;
				PRODUCT_BUNDLE_IDENTIFIER = snap.SoccerGame;
				PRODUCT_NAME = "$(TARGET_NAME)";
				SWIFT_EMIT_LOC_STRINGS = YES;
				SWIFT_VERSION = 5.0;
				TARGETED_DEVICE_FAMILY = "1,2";
			};
			name = Debug;
		};
		D96BEC902870CADD002F389E /* Release */ = {
			isa = XCBuildConfiguration;
			buildSettings = {
				ASSETCATALOG_COMPILER_APPICON_NAME = AppIcon;
				ASSETCATALOG_COMPILER_GLOBAL_ACCENT_COLOR_NAME = AccentColor;
				CODE_SIGN_STYLE = Automatic;
				CURRENT_PROJECT_VERSION = 1;
				DEVELOPMENT_TEAM = N9WA8A7MRP;
				GENERATE_INFOPLIST_FILE = YES;
				INFOPLIST_KEY_NSCameraUsageDescription = "";
				INFOPLIST_KEY_UIApplicationSupportsIndirectInputEvents = YES;
				INFOPLIST_KEY_UILaunchStoryboardName = LaunchScreen;
				INFOPLIST_KEY_UIMainStoryboardFile = Main;
				INFOPLIST_KEY_UIRequiredDeviceCapabilities = arkit;
				INFOPLIST_KEY_UIStatusBarHidden = YES;
				INFOPLIST_KEY_UISupportedInterfaceOrientations_iPad = "UIInterfaceOrientationPortrait UIInterfaceOrientationPortraitUpsideDown UIInterfaceOrientationLandscapeLeft UIInterfaceOrientationLandscapeRight";
				INFOPLIST_KEY_UISupportedInterfaceOrientations_iPhone = "UIInterfaceOrientationPortrait UIInterfaceOrientationLandscapeLeft UIInterfaceOrientationLandscapeRight";
				LD_RUNPATH_SEARCH_PATHS = (
					"$(inherited)",
					"@executable_path/Frameworks",
				);
				MARKETING_VERSION = 1.0;
				PRODUCT_BUNDLE_IDENTIFIER = snap.SoccerGame;
				PRODUCT_NAME = "$(TARGET_NAME)";
				SWIFT_EMIT_LOC_STRINGS = YES;
				SWIFT_VERSION = 5.0;
				TARGETED_DEVICE_FAMILY = "1,2";
			};
			name = Release;
		};
		D96BEC922870CADD002F389E /* Debug */ = {
			isa = XCBuildConfiguration;
			buildSettings = {
				ALWAYS_EMBED_SWIFT_STANDARD_LIBRARIES = YES;
				BUNDLE_LOADER = "$(TEST_HOST)";
				CODE_SIGN_STYLE = Automatic;
				CURRENT_PROJECT_VERSION = 1;
				DEVELOPMENT_TEAM = N9WA8A7MRP;
				GENERATE_INFOPLIST_FILE = YES;
				IPHONEOS_DEPLOYMENT_TARGET = 15.5;
				MARKETING_VERSION = 1.0;
				PRODUCT_BUNDLE_IDENTIFIER = snap.SoccerGameTests;
				PRODUCT_NAME = "$(TARGET_NAME)";
				SWIFT_EMIT_LOC_STRINGS = NO;
				SWIFT_VERSION = 5.0;
				TARGETED_DEVICE_FAMILY = "1,2";
				TEST_HOST = "$(BUILT_PRODUCTS_DIR)/SoccerGame.app/SoccerGame";
			};
			name = Debug;
		};
		D96BEC932870CADD002F389E /* Release */ = {
			isa = XCBuildConfiguration;
			buildSettings = {
				ALWAYS_EMBED_SWIFT_STANDARD_LIBRARIES = YES;
				BUNDLE_LOADER = "$(TEST_HOST)";
				CODE_SIGN_STYLE = Automatic;
				CURRENT_PROJECT_VERSION = 1;
				DEVELOPMENT_TEAM = N9WA8A7MRP;
				GENERATE_INFOPLIST_FILE = YES;
				IPHONEOS_DEPLOYMENT_TARGET = 15.5;
				MARKETING_VERSION = 1.0;
				PRODUCT_BUNDLE_IDENTIFIER = snap.SoccerGameTests;
				PRODUCT_NAME = "$(TARGET_NAME)";
				SWIFT_EMIT_LOC_STRINGS = NO;
				SWIFT_VERSION = 5.0;
				TARGETED_DEVICE_FAMILY = "1,2";
				TEST_HOST = "$(BUILT_PRODUCTS_DIR)/SoccerGame.app/SoccerGame";
			};
			name = Release;
		};
		D96BEC952870CADD002F389E /* Debug */ = {
			isa = XCBuildConfiguration;
			buildSettings = {
				ALWAYS_EMBED_SWIFT_STANDARD_LIBRARIES = YES;
				CODE_SIGN_STYLE = Automatic;
				CURRENT_PROJECT_VERSION = 1;
				DEVELOPMENT_TEAM = N9WA8A7MRP;
				GENERATE_INFOPLIST_FILE = YES;
				MARKETING_VERSION = 1.0;
				PRODUCT_BUNDLE_IDENTIFIER = snap.SoccerGameUITests;
				PRODUCT_NAME = "$(TARGET_NAME)";
				SWIFT_EMIT_LOC_STRINGS = NO;
				SWIFT_VERSION = 5.0;
				TARGETED_DEVICE_FAMILY = "1,2";
				TEST_TARGET_NAME = SoccerGame;
			};
			name = Debug;
		};
		D96BEC962870CADD002F389E /* Release */ = {
			isa = XCBuildConfiguration;
			buildSettings = {
				ALWAYS_EMBED_SWIFT_STANDARD_LIBRARIES = YES;
				CODE_SIGN_STYLE = Automatic;
				CURRENT_PROJECT_VERSION = 1;
				DEVELOPMENT_TEAM = N9WA8A7MRP;
				GENERATE_INFOPLIST_FILE = YES;
				MARKETING_VERSION = 1.0;
				PRODUCT_BUNDLE_IDENTIFIER = snap.SoccerGameUITests;
				PRODUCT_NAME = "$(TARGET_NAME)";
				SWIFT_EMIT_LOC_STRINGS = NO;
				SWIFT_VERSION = 5.0;
				TARGETED_DEVICE_FAMILY = "1,2";
				TEST_TARGET_NAME = SoccerGame;
			};
			name = Release;
		};
/* End XCBuildConfiguration section */

/* Begin XCConfigurationList section */
		D96BEC602870CADB002F389E /* Build configuration list for PBXProject "SoccerGame" */ = {
			isa = XCConfigurationList;
			buildConfigurations = (
				D96BEC8C2870CADD002F389E /* Debug */,
				D96BEC8D2870CADD002F389E /* Release */,
			);
			defaultConfigurationIsVisible = 0;
			defaultConfigurationName = Release;
		};
		D96BEC8E2870CADD002F389E /* Build configuration list for PBXNativeTarget "SoccerGame" */ = {
			isa = XCConfigurationList;
			buildConfigurations = (
				D96BEC8F2870CADD002F389E /* Debug */,
				D96BEC902870CADD002F389E /* Release */,
			);
			defaultConfigurationIsVisible = 0;
			defaultConfigurationName = Release;
		};
		D96BEC912870CADD002F389E /* Build configuration list for PBXNativeTarget "SoccerGameTests" */ = {
			isa = XCConfigurationList;
			buildConfigurations = (
				D96BEC922870CADD002F389E /* Debug */,
				D96BEC932870CADD002F389E /* Release */,
			);
			defaultConfigurationIsVisible = 0;
			defaultConfigurationName = Release;
		};
		D96BEC942870CADD002F389E /* Build configuration list for PBXNativeTarget "SoccerGameUITests" */ = {
			isa = XCConfigurationList;
			buildConfigurations = (
				D96BEC952870CADD002F389E /* Debug */,
				D96BEC962870CADD002F389E /* Release */,
			);
			defaultConfigurationIsVisible = 0;
			defaultConfigurationName = Release;
		};
/* End XCConfigurationList section */
	};
	rootObject = D96BEC5D2870CADB002F389E /* Project object */;
}
